
Microsoft Visual Studio Solution File, Format Version 12.00
# Visual Studio 14
VisualStudioVersion = 14.0.25420.1
MinimumVisualStudioVersion = 10.0.40219.1
Project("{FAE04EC0-301F-11D3-BF4B-00C04F79EFBC}") = "Latihan1-1", "Latihan1-1\Latihan1-1.csproj", "{BBE84F61-E4D8-4640-9751-4BD31DF2A618}"
EndProject
Project("{FAE04EC0-301F-11D3-BF4B-00C04F79EFBC}") = "Latihan1-2", "Latihan1-2\Latihan1-2.csproj", "{826D88AD-C9E9-480A-83FE-1F3F1F02F44F}"
EndProject
Project("{FAE04EC0-301F-11D3-BF4B-00C04F79EFBC}") = "Latihan2-1", "Latihan2-1\Latihan2-1.csproj", "{EBC90830-AF1E-4BF6-8B47-A9BEC1BE8D29}"
EndProject
Project("{FAE04EC0-301F-11D3-BF4B-00C04F79EFBC}") = "Latihan3_1", "Latihan3-1\Latihan3_1.csproj", "{63E93082-EF20-4B37-A547-DB4BE2EBF851}"
EndProject
Project("{FAE04EC0-301F-11D3-BF4B-00C04F79EFBC}") = "Latihan4-1", "..\Selasa_141113651_AchmadHanafi-master\Selasa_141113651_AchmadHanafi\Latihan_4_1\Latihan4-1.csproj", "{16818ADF-8986-45FE-B5FC-6141DEB0450C}"
EndProject
Project("{FAE04EC0-301F-11D3-BF4B-00C04F79EFBC}") = "volleyball_problem", "volleyball_problem\volleyball_problem.csproj", "{2639AA09-CFEB-4B1C-9453-F4917AE2BE17}"
EndProject
Project("{FAE04EC0-301F-11D3-BF4B-00C04F79EFBC}") = "Latihan_PointOfSales", "Latihan_PointOfSales\Latihan_PointOfSales.csproj", "{B7B014D5-6DD1-4489-A378-916647299642}"
EndProject
Global
	GlobalSection(SolutionConfigurationPlatforms) = preSolution
		Debug|Any CPU = Debug|Any CPU
		Release|Any CPU = Release|Any CPU
	EndGlobalSection
	GlobalSection(ProjectConfigurationPlatforms) = postSolution
		{BBE84F61-E4D8-4640-9751-4BD31DF2A618}.Debug|Any CPU.ActiveCfg = Debug|Any CPU
		{BBE84F61-E4D8-4640-9751-4BD31DF2A618}.Debug|Any CPU.Build.0 = Debug|Any CPU
		{BBE84F61-E4D8-4640-9751-4BD31DF2A618}.Release|Any CPU.ActiveCfg = Release|Any CPU
		{BBE84F61-E4D8-4640-9751-4BD31DF2A618}.Release|Any CPU.Build.0 = Release|Any CPU
		{826D88AD-C9E9-480A-83FE-1F3F1F02F44F}.Debug|Any CPU.ActiveCfg = Debug|Any CPU
		{826D88AD-C9E9-480A-83FE-1F3F1F02F44F}.Debug|Any CPU.Build.0 = Debug|Any CPU
		{826D88AD-C9E9-480A-83FE-1F3F1F02F44F}.Release|Any CPU.ActiveCfg = Release|Any CPU
		{826D88AD-C9E9-480A-83FE-1F3F1F02F44F}.Release|Any CPU.Build.0 = Release|Any CPU
		{EBC90830-AF1E-4BF6-8B47-A9BEC1BE8D29}.Debug|Any CPU.ActiveCfg = Debug|Any CPU
		{EBC90830-AF1E-4BF6-8B47-A9BEC1BE8D29}.Debug|Any CPU.Build.0 = Debug|Any CPU
		{EBC90830-AF1E-4BF6-8B47-A9BEC1BE8D29}.Release|Any CPU.ActiveCfg = Release|Any CPU
		{EBC90830-AF1E-4BF6-8B47-A9BEC1BE8D29}.Release|Any CPU.Build.0 = Release|Any CPU
		{63E93082-EF20-4B37-A547-DB4BE2EBF851}.Debug|Any CPU.ActiveCfg = Debug|Any CPU
		{63E93082-EF20-4B37-A547-DB4BE2EBF851}.Debug|Any CPU.Build.0 = Debug|Any CPU
		{63E93082-EF20-4B37-A547-DB4BE2EBF851}.Release|Any CPU.ActiveCfg = Release|Any CPU
		{63E93082-EF20-4B37-A547-DB4BE2EBF851}.Release|Any CPU.Build.0 = Release|Any CPU
		{16818ADF-8986-45FE-B5FC-6141DEB0450C}.Debug|Any CPU.ActiveCfg = Debug|Any CPU
		{16818ADF-8986-45FE-B5FC-6141DEB0450C}.Debug|Any CPU.Build.0 = Debug|Any CPU
		{16818ADF-8986-45FE-B5FC-6141DEB0450C}.Release|Any CPU.ActiveCfg = Release|Any CPU
		{16818ADF-8986-45FE-B5FC-6141DEB0450C}.Release|Any CPU.Build.0 = Release|Any CPU
		{2639AA09-CFEB-4B1C-9453-F4917AE2BE17}.Debug|Any CPU.ActiveCfg = Debug|Any CPU
		{2639AA09-CFEB-4B1C-9453-F4917AE2BE17}.Debug|Any CPU.Build.0 = Debug|Any CPU
		{2639AA09-CFEB-4B1C-9453-F4917AE2BE17}.Release|Any CPU.ActiveCfg = Release|Any CPU
		{2639AA09-CFEB-4B1C-9453-F4917AE2BE17}.Release|Any CPU.Build.0 = Release|Any CPU
		{B7B014D5-6DD1-4489-A378-916647299642}.Debug|Any CPU.ActiveCfg = Debug|Any CPU
		{B7B014D5-6DD1-4489-A378-916647299642}.Debug|Any CPU.Build.0 = Debug|Any CPU
		{B7B014D5-6DD1-4489-A378-916647299642}.Release|Any CPU.ActiveCfg = Release|Any CPU
		{B7B014D5-6DD1-4489-A378-916647299642}.Release|Any CPU.Build.0 = Release|Any CPU
	EndGlobalSection
	GlobalSection(SolutionProperties) = preSolution
		HideSolutionNode = FALSE
	EndGlobalSection
EndGlobal
